{
  "originHash" : "29b6b9a49fcfbcfee31a0719ba49568fecae501169ff16ad1ab82545f4170ae1",
  "pins" : [
    {
      "identity" : "swift-a2a",
      "kind" : "remoteSourceControl",
      "location" : "https://github.com/no-problem-dev/swift-a2a.git",
      "state" : {
        "revision" : "73adaae7ace6516d8c3e5bdbad2fb48231aaa821",
        "version" : "0.8.0"
      }
    },
    {
      "identity" : "swift-design-system",
      "kind" : "remoteSourceControl",
      "location" : "https://github.com/no-problem-dev/swift-design-system.git",
      "state" : {
        "revision" : "6e97d31814d26e49c1d67c2bd7d163c41de23556",
        "version" : "4.0.0"
      }
    },
    {
      "identity" : "swift-docc-plugin",
      "kind" : "remoteSourceControl",
      "location" : "https://github.com/swiftlang/swift-docc-plugin",
      "state" : {
        "revision" : "647c708be89f834fa6a6d4945442793a77ddf5b6",
        "version" : "1.5.0"
      }
    },
    {
      "identity" : "swift-docc-symbolkit",
      "kind" : "remoteSourceControl",
      "location" : "https://github.com/swiftlang/swift-docc-symbolkit",
      "state" : {
        "revision" : "b45d1f2ed151d057b54504d653e0da5552844e34",
        "version" : "1.0.0"
      }
    },
    {
      "identity" : "swift-structured-data",
      "kind" : "remoteSourceControl",
      "location" : "https://github.com/no-problem-dev/swift-structured-data.git",
      "state" : {
        "revision" : "0f82306bae15be025540b873223c2baeed03d1ac",
        "version" : "3.0.0"
      }
    }
  ],
  "version" : 3
}
